
Microsoft Visual Studio Solution File, Format Version 12.00
# Visual Studio 2012
Project("{FAE04EC0-301F-11D3-BF4B-00C04F79EFBC}") = "QuantRiskLib", "QuantRiskLib\QuantRiskLib.csproj", "{A8DD5CC5-F278-4589-8C5E-476C288115D8}"
EndProject
Global
	GlobalSection(TeamFoundationVersionControl) = preSolution
		SccNumberOfProjects = 2
		SccEnterpriseProvider = {4CA58AB2-18FA-4F8D-95D4-32DDF27D184C}
		SccTeamFoundationServer = https://northstarrisk.visualstudio.com/defaultcollection
		SccLocalPath0 = .
		SccProjectUniqueName1 = QuantRiskLib\\QuantRiskLib.csproj
		SccProjectName1 = QuantRiskLib
		SccLocalPath1 = QuantRiskLib
	EndGlobalSection
	GlobalSection(SolutionConfigurationPlatforms) = preSolution
		Debug|x86 = Debug|x86
		Release|x86 = Release|x86
	EndGlobalSection
	GlobalSection(ProjectConfigurationPlatforms) = postSolution
		{A8DD5CC5-F278-4589-8C5E-476C288115D8}.Debug|x86.ActiveCfg = Debug|Any CPU
		{A8DD5CC5-F278-4589-8C5E-476C288115D8}.Release|x86.ActiveCfg = Release|Any CPU
	EndGlobalSection
	GlobalSection(SolutionProperties) = preSolution
		HideSolutionNode = FALSE
	EndGlobalSection
EndGlobal
